{
  "name": "REACT",
  "lockfileVersion": 3,
  "requires": true,
  "packages": {
    "": {
      "dependencies": {
        "react": "^19.0.0-rc-4c58fce7-20240904",
        "react-dom": "^19.0.0-rc-4c58fce7-20240904"
      }
    },
    "node_modules/react": {
      "version": "19.0.0-rc-4c58fce7-20240904",
      "resolved": "https://registry.npmjs.org/react/-/react-19.0.0-rc-4c58fce7-20240904.tgz",
      "integrity": "sha512-zyekIzYByBxumlv+VL5pN7Kk0153ud6ZA17IU54GrURWFXJsQzv/ZZ0zF8rsBasQ55VEm74VVeVefYOKbOZTQA==",
      "license": "MIT",
      "engines": {
        "node": ">=0.10.0"
      }
    },
    "node_modules/react-dom": {
      "version": "19.0.0-rc-4c58fce7-20240904",
      "resolved": "https://registry.npmjs.org/react-dom/-/react-dom-19.0.0-rc-4c58fce7-20240904.tgz",
      "integrity": "sha512-Qmp34cw7mUxI6J7KaFn0LkA0GfwzvLM5Yb4tkM3cjPkSpaPEw2xgRNj2NIrjnbheWNEtCK8dJBgpV90Hv/HENA==",
      "license": "MIT",
      "dependencies": {
        "scheduler": "0.25.0-rc-4c58fce7-20240904"
      },
      "peerDependencies": {
        "react": "19.0.0-rc-4c58fce7-20240904"
      }
    },
    "node_modules/scheduler": {
      "version": "0.25.0-rc-4c58fce7-20240904",
      "resolved": "https://registry.npmjs.org/scheduler/-/scheduler-0.25.0-rc-4c58fce7-20240904.tgz",
      "integrity": "sha512-eU7RBVIRjFNzLI3oWxMGUYy872yVmN7gDcJiNiWo8Jh+lKfh/k003fgFTZNBCE7DgVCIc6k6/afMuMDqDcUwcw==",
      "license": "MIT"
    }
  }
}
